
Microsoft Visual Studio Solution File, Format Version 12.00
# Visual Studio 15
VisualStudioVersion = 15.0.28307.136
MinimumVisualStudioVersion = 10.0.40219.1
Project("{9A19103F-16F7-4668-BE54-9A1E7A4F7556}") = "TApp.Web", "TApp.Web\TApp.Web.csproj", "{F6F37D43-B666-4FD3-835D-9811C56603F0}"
EndProject
Global
	GlobalSection(SolutionConfigurationPlatforms) = preSolution
		Debug|Any CPU = Debug|Any CPU
		Release|Any CPU = Release|Any CPU
	EndGlobalSection
	GlobalSection(ProjectConfigurationPlatforms) = postSolution
		{F6F37D43-B666-4FD3-835D-9811C56603F0}.Debug|Any CPU.ActiveCfg = Debug|Any CPU
		{F6F37D43-B666-4FD3-835D-9811C56603F0}.Debug|Any CPU.Build.0 = Debug|Any CPU
		{F6F37D43-B666-4FD3-835D-9811C56603F0}.Release|Any CPU.ActiveCfg = Release|Any CPU
		{F6F37D43-B666-4FD3-835D-9811C56603F0}.Release|Any CPU.Build.0 = Release|Any CPU
	EndGlobalSection
	GlobalSection(SolutionProperties) = preSolution
		HideSolutionNode = FALSE
	EndGlobalSection
	GlobalSection(ExtensibilityGlobals) = postSolution
		SolutionGuid = {E190E2AE-4781-423E-95AD-46B858FADAAA}
	EndGlobalSection
EndGlobal
